
Microsoft Visual Studio Solution File, Format Version 12.00
# Visual Studio Version 17
VisualStudioVersion = 17.0.31903.59
MinimumVisualStudioVersion = 10.0.40219.1
Project("{FAE04EC0-301F-11D3-BF4B-00C04F79EFBC}") = "API", "API\API.csproj", "{A5AEAEC9-4B39-4FC0-A4F5-9D76700AE7DC}"
EndProject
Project("{FAE04EC0-301F-11D3-BF4B-00C04F79EFBC}") = "Application", "Application\Application.csproj", "{8AA1631A-1560-4650-8CD1-2BF824B3B26A}"
EndProject
Project("{FAE04EC0-301F-11D3-BF4B-00C04F79EFBC}") = "Domain", "Domain\Domain.csproj", "{3701A989-0D52-4F03-8D89-53DFF1878FEE}"
EndProject
Project("{FAE04EC0-301F-11D3-BF4B-00C04F79EFBC}") = "Persistence", "Persistence\Persistence.csproj", "{9B7B4296-EA22-46EF-829C-B0A1D06FDC5C}"
EndProject
Global
	GlobalSection(SolutionConfigurationPlatforms) = preSolution
		Debug|Any CPU = Debug|Any CPU
		Debug|x64 = Debug|x64
		Debug|x86 = Debug|x86
		Release|Any CPU = Release|Any CPU
		Release|x64 = Release|x64
		Release|x86 = Release|x86
	EndGlobalSection
	GlobalSection(ProjectConfigurationPlatforms) = postSolution
		{A5AEAEC9-4B39-4FC0-A4F5-9D76700AE7DC}.Debug|Any CPU.ActiveCfg = Debug|Any CPU
		{A5AEAEC9-4B39-4FC0-A4F5-9D76700AE7DC}.Debug|Any CPU.Build.0 = Debug|Any CPU
		{A5AEAEC9-4B39-4FC0-A4F5-9D76700AE7DC}.Debug|x64.ActiveCfg = Debug|Any CPU
		{A5AEAEC9-4B39-4FC0-A4F5-9D76700AE7DC}.Debug|x64.Build.0 = Debug|Any CPU
		{A5AEAEC9-4B39-4FC0-A4F5-9D76700AE7DC}.Debug|x86.ActiveCfg = Debug|Any CPU
		{A5AEAEC9-4B39-4FC0-A4F5-9D76700AE7DC}.Debug|x86.Build.0 = Debug|Any CPU
		{A5AEAEC9-4B39-4FC0-A4F5-9D76700AE7DC}.Release|Any CPU.ActiveCfg = Release|Any CPU
		{A5AEAEC9-4B39-4FC0-A4F5-9D76700AE7DC}.Release|Any CPU.Build.0 = Release|Any CPU
		{A5AEAEC9-4B39-4FC0-A4F5-9D76700AE7DC}.Release|x64.ActiveCfg = Release|Any CPU
		{A5AEAEC9-4B39-4FC0-A4F5-9D76700AE7DC}.Release|x64.Build.0 = Release|Any CPU
		{A5AEAEC9-4B39-4FC0-A4F5-9D76700AE7DC}.Release|x86.ActiveCfg = Release|Any CPU
		{A5AEAEC9-4B39-4FC0-A4F5-9D76700AE7DC}.Release|x86.Build.0 = Release|Any CPU
		{8AA1631A-1560-4650-8CD1-2BF824B3B26A}.Debug|Any CPU.ActiveCfg = Debug|Any CPU
		{8AA1631A-1560-4650-8CD1-2BF824B3B26A}.Debug|Any CPU.Build.0 = Debug|Any CPU
		{8AA1631A-1560-4650-8CD1-2BF824B3B26A}.Debug|x64.ActiveCfg = Debug|Any CPU
		{8AA1631A-1560-4650-8CD1-2BF824B3B26A}.Debug|x64.Build.0 = Debug|Any CPU
		{8AA1631A-1560-4650-8CD1-2BF824B3B26A}.Debug|x86.ActiveCfg = Debug|Any CPU
		{8AA1631A-1560-4650-8CD1-2BF824B3B26A}.Debug|x86.Build.0 = Debug|Any CPU
		{8AA1631A-1560-4650-8CD1-2BF824B3B26A}.Release|Any CPU.ActiveCfg = Release|Any CPU
		{8AA1631A-1560-4650-8CD1-2BF824B3B26A}.Release|Any CPU.Build.0 = Release|Any CPU
		{8AA1631A-1560-4650-8CD1-2BF824B3B26A}.Release|x64.ActiveCfg = Release|Any CPU
		{8AA1631A-1560-4650-8CD1-2BF824B3B26A}.Release|x64.Build.0 = Release|Any CPU
		{8AA1631A-1560-4650-8CD1-2BF824B3B26A}.Release|x86.ActiveCfg = Release|Any CPU
		{8AA1631A-1560-4650-8CD1-2BF824B3B26A}.Release|x86.Build.0 = Release|Any CPU
		{3701A989-0D52-4F03-8D89-53DFF1878FEE}.Debug|Any CPU.ActiveCfg = Debug|Any CPU
		{3701A989-0D52-4F03-8D89-53DFF1878FEE}.Debug|Any CPU.Build.0 = Debug|Any CPU
		{3701A989-0D52-4F03-8D89-53DFF1878FEE}.Debug|x64.ActiveCfg = Debug|Any CPU
		{3701A989-0D52-4F03-8D89-53DFF1878FEE}.Debug|x64.Build.0 = Debug|Any CPU
		{3701A989-0D52-4F03-8D89-53DFF1878FEE}.Debug|x86.ActiveCfg = Debug|Any CPU
		{3701A989-0D52-4F03-8D89-53DFF1878FEE}.Debug|x86.Build.0 = Debug|Any CPU
		{3701A989-0D52-4F03-8D89-53DFF1878FEE}.Release|Any CPU.ActiveCfg = Release|Any CPU
		{3701A989-0D52-4F03-8D89-53DFF1878FEE}.Release|Any CPU.Build.0 = Release|Any CPU
		{3701A989-0D52-4F03-8D89-53DFF1878FEE}.Release|x64.ActiveCfg = Release|Any CPU
		{3701A989-0D52-4F03-8D89-53DFF1878FEE}.Release|x64.Build.0 = Release|Any CPU
		{3701A989-0D52-4F03-8D89-53DFF1878FEE}.Release|x86.ActiveCfg = Release|Any CPU
		{3701A989-0D52-4F03-8D89-53DFF1878FEE}.Release|x86.Build.0 = Release|Any CPU
		{9B7B4296-EA22-46EF-829C-B0A1D06FDC5C}.Debug|Any CPU.ActiveCfg = Debug|Any CPU
		{9B7B4296-EA22-46EF-829C-B0A1D06FDC5C}.Debug|Any CPU.Build.0 = Debug|Any CPU
		{9B7B4296-EA22-46EF-829C-B0A1D06FDC5C}.Debug|x64.ActiveCfg = Debug|Any CPU
		{9B7B4296-EA22-46EF-829C-B0A1D06FDC5C}.Debug|x64.Build.0 = Debug|Any CPU
		{9B7B4296-EA22-46EF-829C-B0A1D06FDC5C}.Debug|x86.ActiveCfg = Debug|Any CPU
		{9B7B4296-EA22-46EF-829C-B0A1D06FDC5C}.Debug|x86.Build.0 = Debug|Any CPU
		{9B7B4296-EA22-46EF-829C-B0A1D06FDC5C}.Release|Any CPU.ActiveCfg = Release|Any CPU
		{9B7B4296-EA22-46EF-829C-B0A1D06FDC5C}.Release|Any CPU.Build.0 = Release|Any CPU
		{9B7B4296-EA22-46EF-829C-B0A1D06FDC5C}.Release|x64.ActiveCfg = Release|Any CPU
		{9B7B4296-EA22-46EF-829C-B0A1D06FDC5C}.Release|x64.Build.0 = Release|Any CPU
		{9B7B4296-EA22-46EF-829C-B0A1D06FDC5C}.Release|x86.ActiveCfg = Release|Any CPU
		{9B7B4296-EA22-46EF-829C-B0A1D06FDC5C}.Release|x86.Build.0 = Release|Any CPU
	EndGlobalSection
	GlobalSection(SolutionProperties) = preSolution
		HideSolutionNode = FALSE
	EndGlobalSection
EndGlobal
